
Microsoft Visual Studio Solution File, Format Version 12.00
# Visual Studio Version 17
VisualStudioVersion = 17.4.33110.190
MinimumVisualStudioVersion = 10.0.40219.1
Project("{FAE04EC0-301F-11D3-BF4B-00C04F79EFBC}") = "Our E_F_C_P_E_F_ E Final Project", "Our E_F_C_P_E_F_ E Final Project\Our E_F_C_P_E_F_ E Final Project.csproj", "{884AF9B5-D426-460C-8791-697A4D422BDF}"
EndProject
Global
	GlobalSection(SolutionConfigurationPlatforms) = preSolution
		Debug|Any CPU = Debug|Any CPU
		Release|Any CPU = Release|Any CPU
	EndGlobalSection
	GlobalSection(ProjectConfigurationPlatforms) = postSolution
		{884AF9B5-D426-460C-8791-697A4D422BDF}.Debug|Any CPU.ActiveCfg = Debug|Any CPU
		{884AF9B5-D426-460C-8791-697A4D422BDF}.Debug|Any CPU.Build.0 = Debug|Any CPU
		{884AF9B5-D426-460C-8791-697A4D422BDF}.Release|Any CPU.ActiveCfg = Release|Any CPU
		{884AF9B5-D426-460C-8791-697A4D422BDF}.Release|Any CPU.Build.0 = Release|Any CPU
	EndGlobalSection
	GlobalSection(SolutionProperties) = preSolution
		HideSolutionNode = FALSE
	EndGlobalSection
	GlobalSection(ExtensibilityGlobals) = postSolution
		SolutionGuid = {5324BCBB-EE0F-42D2-932C-8AA727C20D23}
	EndGlobalSection
EndGlobal
